// !$*UTF8*$!
{
	archiveVersion = 1;
	classes = {
	};
	objectVersion = 48;
	objects = {

/* Begin PBXBuildFile section */
		0F348DEB204AC8BA004BFEF4 /* AppDelegate.swift in Sources */ = {isa = PBXBuildFile; fileRef = 0F348DEA204AC8BA004BFEF4 /* AppDelegate.swift */; };
		0F348DF0204AC8BA004BFEF4 /* Main.storyboard in Resources */ = {isa = PBXBuildFile; fileRef = 0F348DEE204AC8BA004BFEF4 /* Main.storyboard */; };
		0F348DF2204AC8BA004BFEF4 /* Assets.xcassets in Resources */ = {isa = PBXBuildFile; fileRef = 0F348DF1204AC8BA004BFEF4 /* Assets.xcassets */; };
		0F348DF5204AC8BA004BFEF4 /* LaunchScreen.storyboard in Resources */ = {isa = PBXBuildFile; fileRef = 0F348DF3204AC8BA004BFEF4 /* LaunchScreen.storyboard */; };
		0F96346B204BDC4400E5B33C /* DetailViewController.swift in Sources */ = {isa = PBXBuildFile; fileRef = 0F96346A204BDC4400E5B33C /* DetailViewController.swift */; };
		0FD709F4204AD94700DD7973 /* CardTableView.swift in Sources */ = {isa = PBXBuildFile; fileRef = 0FD709E5204AD94600DD7973 /* CardTableView.swift */; };
		0FD709F5204AD94700DD7973 /* AppFABMenuController.swift in Sources */ = {isa = PBXBuildFile; fileRef = 0FD709E6204AD94700DD7973 /* AppFABMenuController.swift */; };
		0FD709F6204AD94700DD7973 /* AppTabBarController.swift in Sources */ = {isa = PBXBuildFile; fileRef = 0FD709E7204AD94700DD7973 /* AppTabBarController.swift */; };
		0FD709F7204AD94700DD7973 /* AppToolbarController.swift in Sources */ = {isa = PBXBuildFile; fileRef = 0FD709E8204AD94700DD7973 /* AppToolbarController.swift */; };
		0FD709F8204AD94700DD7973 /* CardTableViewCell.swift in Sources */ = {isa = PBXBuildFile; fileRef = 0FD709E9204AD94700DD7973 /* CardTableViewCell.swift */; };
		0FD709F9204AD94700DD7973 /* SampleData.swift in Sources */ = {isa = PBXBuildFile; fileRef = 0FD709EA204AD94700DD7973 /* SampleData.swift */; };
		0FD709FA204AD94700DD7973 /* PostsViewController.swift in Sources */ = {isa = PBXBuildFile; fileRef = 0FD709EB204AD94700DD7973 /* PostsViewController.swift */; };
		76456A693F83E6AE7846D45F /* Pods_SmartPhoneGuide.framework in Frameworks */ = {isa = PBXBuildFile; fileRef = D5B230EA23FFF183D4364FD4 /* Pods_SmartPhoneGuide.framework */; };
/* End PBXBuildFile section */

/* Begin PBXFileReference section */
		0F348DE7204AC8BA004BFEF4 /* SmartPhoneGuide.app */ = {isa = PBXFileReference; explicitFileType = wrapper.application; includeInIndex = 0; path = SmartPhoneGuide.app; sourceTree = BUILT_PRODUCTS_DIR; };
		0F348DEA204AC8BA004BFEF4 /* AppDelegate.swift */ = {isa = PBXFileReference; lastKnownFileType = sourcecode.swift; path = AppDelegate.swift; sourceTree = "<group>"; };
		0F348DEF204AC8BA004BFEF4 /* Base */ = {isa = PBXFileReference; lastKnownFileType = file.storyboard; name = Base; path = Base.lproj/Main.storyboard; sourceTree = "<group>"; };
		0F348DF1204AC8BA004BFEF4 /* Assets.xcassets */ = {isa = PBXFileReference; lastKnownFileType = folder.assetcatalog; path = Assets.xcassets; sourceTree = "<group>"; };
		0F348DF4204AC8BA004BFEF4 /* Base */ = {isa = PBXFileReference; lastKnownFileType = file.storyboard; name = Base; path = Base.lproj/LaunchScreen.storyboard; sourceTree = "<group>"; };
		0F348DF6204AC8BA004BFEF4 /* Info.plist */ = {isa = PBXFileReference; lastKnownFileType = text.plist.xml; path = Info.plist; sourceTree = "<group>"; };
		0F96346A204BDC4400E5B33C /* DetailViewController.swift */ = {isa = PBXFileReference; lastKnownFileType = sourcecode.swift; path = DetailViewController.swift; sourceTree = "<group>"; };
		0FD709E5204AD94600DD7973 /* CardTableView.swift */ = {isa = PBXFileReference; fileEncoding = 4; lastKnownFileType = sourcecode.swift; path = CardTableView.swift; sourceTree = "<group>"; };
		0FD709E6204AD94700DD7973 /* AppFABMenuController.swift */ = {isa = PBXFileReference; fileEncoding = 4; lastKnownFileType = sourcecode.swift; path = AppFABMenuController.swift; sourceTree = "<group>"; };
		0FD709E7204AD94700DD7973 /* AppTabBarController.swift */ = {isa = PBXFileReference; fileEncoding = 4; lastKnownFileType = sourcecode.swift; path = AppTabBarController.swift; sourceTree = "<group>"; };
		0FD709E8204AD94700DD7973 /* AppToolbarController.swift */ = {isa = PBXFileReference; fileEncoding = 4; lastKnownFileType = sourcecode.swift; path = AppToolbarController.swift; sourceTree = "<group>"; };
		0FD709E9204AD94700DD7973 /* CardTableViewCell.swift */ = {isa = PBXFileReference; fileEncoding = 4; lastKnownFileType = sourcecode.swift; path = CardTableViewCell.swift; sourceTree = "<group>"; };
		0FD709EA204AD94700DD7973 /* SampleData.swift */ = {isa = PBXFileReference; fileEncoding = 4; lastKnownFileType = sourcecode.swift; path = SampleData.swift; sourceTree = "<group>"; };
		0FD709EB204AD94700DD7973 /* PostsViewController.swift */ = {isa = PBXFileReference; fileEncoding = 4; lastKnownFileType = sourcecode.swift; path = PostsViewController.swift; sourceTree = "<group>"; };
		5E16996EA9C38ADC193188B3 /* Pods-SmartPhoneGuide.debug.xcconfig */ = {isa = PBXFileReference; includeInIndex = 1; lastKnownFileType = text.xcconfig; name = "Pods-SmartPhoneGuide.debug.xcconfig"; path = "Pods/Target Support Files/Pods-SmartPhoneGuide/Pods-SmartPhoneGuide.debug.xcconfig"; sourceTree = "<group>"; };
		C4874A2E79E74156E05810CE /* Pods-SmartPhoneGuide.release.xcconfig */ = {isa = PBXFileReference; includeInIndex = 1; lastKnownFileType = text.xcconfig; name = "Pods-SmartPhoneGuide.release.xcconfig"; path = "Pods/Target Support Files/Pods-SmartPhoneGuide/Pods-SmartPhoneGuide.release.xcconfig"; sourceTree = "<group>"; };
		D5B230EA23FFF183D4364FD4 /* Pods_SmartPhoneGuide.framework */ = {isa = PBXFileReference; explicitFileType = wrapper.framework; includeInIndex = 0; path = Pods_SmartPhoneGuide.framework; sourceTree = BUILT_PRODUCTS_DIR; };
/* End PBXFileReference section */

/* Begin PBXFrameworksBuildPhase section */
		0F348DE4204AC8BA004BFEF4 /* Frameworks */ = {
			isa = PBXFrameworksBuildPhase;
			buildActionMask = 2147483647;
			files = (
				76456A693F83E6AE7846D45F /* Pods_SmartPhoneGuide.framework in Frameworks */,
			);
			runOnlyForDeploymentPostprocessing = 0;
		};
/* End PBXFrameworksBuildPhase section */

/* Begin PBXGroup section */
		05129C7ABF6BEB3863FA524A /* Frameworks */ = {
			isa = PBXGroup;
			children = (
				D5B230EA23FFF183D4364FD4 /* Pods_SmartPhoneGuide.framework */,
			);
			name = Frameworks;
			sourceTree = "<group>";
		};
		0F348DDE204AC8BA004BFEF4 = {
			isa = PBXGroup;
			children = (
				0F348DE9204AC8BA004BFEF4 /* SmartPhoneGuide */,
				0F348DE8204AC8BA004BFEF4 /* Products */,
				BC7336C8427F0308842929F6 /* Pods */,
				05129C7ABF6BEB3863FA524A /* Frameworks */,
			);
			sourceTree = "<group>";
		};
		0F348DE8204AC8BA004BFEF4 /* Products */ = {
			isa = PBXGroup;
			children = (
				0F348DE7204AC8BA004BFEF4 /* SmartPhoneGuide.app */,
			);
			name = Products;
			sourceTree = "<group>";
		};
		0F348DE9204AC8BA004BFEF4 /* SmartPhoneGuide */ = {
			isa = PBXGroup;
			children = (
				0F348DEA204AC8BA004BFEF4 /* AppDelegate.swift */,
				0FD709EA204AD94700DD7973 /* SampleData.swift */,
				0F348DEE204AC8BA004BFEF4 /* Main.storyboard */,
				0F348DF6204AC8BA004BFEF4 /* Info.plist */,
				0F96346C204BEA2200E5B33C /* ViewControllers */,
				0F96346D204BEA4E00E5B33C /* Views */,
				0F96346E204BEA5E00E5B33C /* SupportFiles */,
				0FD709DC204AD94600DD7973 /* Resources */,
			);
			path = SmartPhoneGuide;
			sourceTree = "<group>";
		};
		0F96346C204BEA2200E5B33C /* ViewControllers */ = {
			isa = PBXGroup;
			children = (
				0FD709EB204AD94700DD7973 /* PostsViewController.swift */,
				0F96346A204BDC4400E5B33C /* DetailViewController.swift */,
				0FD709E6204AD94700DD7973 /* AppFABMenuController.swift */,
				0FD709E7204AD94700DD7973 /* AppTabBarController.swift */,
				0FD709E8204AD94700DD7973 /* AppToolbarController.swift */,
			);
			path = ViewControllers;
			sourceTree = "<group>";
		};
		0F96346D204BEA4E00E5B33C /* Views */ = {
			isa = PBXGroup;
			children = (
				0FD709E5204AD94600DD7973 /* CardTableView.swift */,
				0FD709E9204AD94700DD7973 /* CardTableViewCell.swift */,
			);
			path = Views;
			sourceTree = "<group>";
		};
		0F96346E204BEA5E00E5B33C /* SupportFiles */ = {
			isa = PBXGroup;
			children = (
				0F348DF1204AC8BA004BFEF4 /* Assets.xcassets */,
				0F348DF3204AC8BA004BFEF4 /* LaunchScreen.storyboard */,
			);
			path = SupportFiles;
			sourceTree = "<group>";
		};
		0FD709DC204AD94600DD7973 /* Resources */ = {
			isa = PBXGroup;
			children = (
			);
			path = Resources;
			sourceTree = "<group>";
		};
		BC7336C8427F0308842929F6 /* Pods */ = {
			isa = PBXGroup;
			children = (
				5E16996EA9C38ADC193188B3 /* Pods-SmartPhoneGuide.debug.xcconfig */,
				C4874A2E79E74156E05810CE /* Pods-SmartPhoneGuide.release.xcconfig */,
			);
			name = Pods;
			sourceTree = "<group>";
		};
/* End PBXGroup section */

/* Begin PBXNativeTarget section */
		0F348DE6204AC8BA004BFEF4 /* SmartPhoneGuide */ = {
			isa = PBXNativeTarget;
			buildConfigurationList = 0F348DF9204AC8BA004BFEF4 /* Build configuration list for PBXNativeTarget "SmartPhoneGuide" */;
			buildPhases = (
				D824205C3C21865B8D1886A1 /* [CP] Check Pods Manifest.lock */,
				0F348DE3204AC8BA004BFEF4 /* Sources */,
				0F348DE4204AC8BA004BFEF4 /* Frameworks */,
				0F348DE5204AC8BA004BFEF4 /* Resources */,
				AC25773F8C6A31B29540DF45 /* [CP] Embed Pods Frameworks */,
				8005EBD7EA33F8FF58A423DB /* [CP] Copy Pods Resources */,
			);
			buildRules = (
			);
			dependencies = (
			);
			name = SmartPhoneGuide;
			productName = SmartPhoneGuide;
			productReference = 0F348DE7204AC8BA004BFEF4 /* SmartPhoneGuide.app */;
			productType = "com.apple.product-type.application";
		};
/* End PBXNativeTarget section */

/* Begin PBXProject section */
		0F348DDF204AC8BA004BFEF4 /* Project object */ = {
			isa = PBXProject;
			attributes = {
				LastSwiftUpdateCheck = 0920;
				LastUpgradeCheck = 0930;
				ORGANIZATIONNAME = "Hoang Tuan Anh";
				TargetAttributes = {
					0F348DE6204AC8BA004BFEF4 = {
						CreatedOnToolsVersion = 9.2;
						ProvisioningStyle = Automatic;
					};
				};
			};
			buildConfigurationList = 0F348DE2204AC8BA004BFEF4 /* Build configuration list for PBXProject "SmartPhoneGuide" */;
			compatibilityVersion = "Xcode 8.0";
			developmentRegion = en;
			hasScannedForEncodings = 0;
			knownRegions = (
				en,
				Base,
			);
			mainGroup = 0F348DDE204AC8BA004BFEF4;
			productRefGroup = 0F348DE8204AC8BA004BFEF4 /* Products */;
			projectDirPath = "";
			projectRoot = "";
			targets = (
				0F348DE6204AC8BA004BFEF4 /* SmartPhoneGuide */,
			);
		};
/* End PBXProject section */

/* Begin PBXResourcesBuildPhase section */
		0F348DE5204AC8BA004BFEF4 /* Resources */ = {
			isa = PBXResourcesBuildPhase;
			buildActionMask = 2147483647;
			files = (
				0F348DF5204AC8BA004BFEF4 /* LaunchScreen.storyboard in Resources */,
				0F348DF2204AC8BA004BFEF4 /* Assets.xcassets in Resources */,
				0F348DF0204AC8BA004BFEF4 /* Main.storyboard in Resources */,
			);
			runOnlyForDeploymentPostprocessing = 0;
		};
/* End PBXResourcesBuildPhase section */

/* Begin PBXShellScriptBuildPhase section */
		8005EBD7EA33F8FF58A423DB /* [CP] Copy Pods Resources */ = {
			isa = PBXShellScriptBuildPhase;
			buildActionMask = 2147483647;
			files = (
			);
			inputPaths = (
			);
			name = "[CP] Copy Pods Resources";
			outputPaths = (
			);
			runOnlyForDeploymentPostprocessing = 0;
			shellPath = /bin/sh;
			shellScript = "\"${SRCROOT}/Pods/Target Support Files/Pods-SmartPhoneGuide/Pods-SmartPhoneGuide-resources.sh\"\n";
			showEnvVarsInLog = 0;
		};
		AC25773F8C6A31B29540DF45 /* [CP] Embed Pods Frameworks */ = {
			isa = PBXShellScriptBuildPhase;
			buildActionMask = 2147483647;
			files = (
			);
			inputPaths = (
				"${SRCROOT}/Pods/Target Support Files/Pods-SmartPhoneGuide/Pods-SmartPhoneGuide-frameworks.sh",
				"${BUILT_PRODUCTS_DIR}/Graph/Graph.framework",
				"${BUILT_PRODUCTS_DIR}/Kingfisher/Kingfisher.framework",
				"${BUILT_PRODUCTS_DIR}/MarkdownView/MarkdownView.framework",
				"${BUILT_PRODUCTS_DIR}/Material/Material.framework",
				"${BUILT_PRODUCTS_DIR}/Motion/Motion.framework",
			);
			name = "[CP] Embed Pods Frameworks";
			outputPaths = (
				"${TARGET_BUILD_DIR}/${FRAMEWORKS_FOLDER_PATH}/Graph.framework",
				"${TARGET_BUILD_DIR}/${FRAMEWORKS_FOLDER_PATH}/Kingfisher.framework",
				"${TARGET_BUILD_DIR}/${FRAMEWORKS_FOLDER_PATH}/MarkdownView.framework",
				"${TARGET_BUILD_DIR}/${FRAMEWORKS_FOLDER_PATH}/Material.framework",
				"${TARGET_BUILD_DIR}/${FRAMEWORKS_FOLDER_PATH}/Motion.framework",
			);
			runOnlyForDeploymentPostprocessing = 0;
			shellPath = /bin/sh;
			shellScript = "\"${SRCROOT}/Pods/Target Support Files/Pods-SmartPhoneGuide/Pods-SmartPhoneGuide-frameworks.sh\"\n";
			showEnvVarsInLog = 0;
		};
		D824205C3C21865B8D1886A1 /* [CP] Check Pods Manifest.lock */ = {
			isa = PBXShellScriptBuildPhase;
			buildActionMask = 2147483647;
			files = (
			);
			inputPaths = (
				"${PODS_PODFILE_DIR_PATH}/Podfile.lock",
				"${PODS_ROOT}/Manifest.lock",
			);
			name = "[CP] Check Pods Manifest.lock";
			outputPaths = (
				"$(DERIVED_FILE_DIR)/Pods-SmartPhoneGuide-checkManifestLockResult.txt",
			);
			runOnlyForDeploymentPostprocessing = 0;
			shellPath = /bin/sh;
			shellScript = "diff \"${PODS_PODFILE_DIR_PATH}/Podfile.lock\" \"${PODS_ROOT}/Manifest.lock\" > /dev/null\nif [ $? != 0 ] ; then\n    # print error to STDERR\n    echo \"error: The sandbox is not in sync with the Podfile.lock. Run 'pod install' or update your CocoaPods installation.\" >&2\n    exit 1\nfi\n# This output is used by Xcode 'outputs' to avoid re-running this script phase.\necho \"SUCCESS\" > \"${SCRIPT_OUTPUT_FILE_0}\"\n";
			showEnvVarsInLog = 0;
		};
/* End PBXShellScriptBuildPhase section */

/* Begin PBXSourcesBuildPhase section */
		0F348DE3204AC8BA004BFEF4 /* Sources */ = {
			isa = PBXSourcesBuildPhase;
			buildActionMask = 2147483647;
			files = (
				0F96346B204BDC4400E5B33C /* DetailViewController.swift in Sources */,
				0FD709F5204AD94700DD7973 /* AppFABMenuController.swift in Sources */,
				0FD709F7204AD94700DD7973 /* AppToolbarController.swift in Sources */,
				0FD709FA204AD94700DD7973 /* PostsViewController.swift in Sources */,
				0FD709F4204AD94700DD7973 /* CardTableView.swift in Sources */,
				0FD709F6204AD94700DD7973 /* AppTabBarController.swift in Sources */,
				0F348DEB204AC8BA004BFEF4 /* AppDelegate.swift in Sources */,
				0FD709F8204AD94700DD7973 /* CardTableViewCell.swift in Sources */,
				0FD709F9204AD94700DD7973 /* SampleData.swift in Sources */,
			);
			runOnlyForDeploymentPostprocessing = 0;
		};
/* End PBXSourcesBuildPhase section */

/* Begin PBXVariantGroup section */
		0F348DEE204AC8BA004BFEF4 /* Main.storyboard */ = {
			isa = PBXVariantGroup;
			children = (
				0F348DEF204AC8BA004BFEF4 /* Base */,
			);
			name = Main.storyboard;
			sourceTree = "<group>";
		};
		0F348DF3204AC8BA004BFEF4 /* LaunchScreen.storyboard */ = {
			isa = PBXVariantGroup;
			children = (
				0F348DF4204AC8BA004BFEF4 /* Base */,
			);
			name = LaunchScreen.storyboard;
			sourceTree = "<group>";
		};
/* End PBXVariantGroup section */

/* Begin XCBuildConfiguration section */
		0F348DF7204AC8BA004BFEF4 /* Debug */ = {
			isa = XCBuildConfiguration;
			buildSettings = {
				ALWAYS_SEARCH_USER_PATHS = NO;
				CLANG_ANALYZER_NONNULL = YES;
				CLANG_ANALYZER_NUMBER_OBJECT_CONVERSION = YES_AGGRESSIVE;
				CLANG_CXX_LANGUAGE_STANDARD = "gnu++14";
				CLANG_CXX_LIBRARY = "libc++";
				CLANG_ENABLE_MODULES = YES;
				CLANG_ENABLE_OBJC_ARC = YES;
				CLANG_WARN_BLOCK_CAPTURE_AUTORELEASING = YES;
				CLANG_WARN_BOOL_CONVERSION = YES;
				CLANG_WARN_COMMA = YES;
				CLANG_WARN_CONSTANT_CONVERSION = YES;
				CLANG_WARN_DEPRECATED_OBJC_IMPLEMENTATIONS = YES;
				CLANG_WARN_DIRECT_OBJC_ISA_USAGE = YES_ERROR;
				CLANG_WARN_DOCUMENTATION_COMMENTS = YES;
				CLANG_WARN_EMPTY_BODY = YES;
				CLANG_WARN_ENUM_CONVERSION = YES;
				CLANG_WARN_INFINITE_RECURSION = YES;
				CLANG_WARN_INT_CONVERSION = YES;
				CLANG_WARN_NON_LITERAL_NULL_CONVERSION = YES;
				CLANG_WARN_OBJC_IMPLICIT_RETAIN_SELF = YES;
				CLANG_WARN_OBJC_LITERAL_CONVERSION = YES;
				CLANG_WARN_OBJC_ROOT_CLASS = YES_ERROR;
				CLANG_WARN_RANGE_LOOP_ANALYSIS = YES;
				CLANG_WARN_STRICT_PROTOTYPES = YES;
				CLANG_WARN_SUSPICIOUS_MOVE = YES;
				CLANG_WARN_UNGUARDED_AVAILABILITY = YES_AGGRESSIVE;
				CLANG_WARN_UNREACHABLE_CODE = YES;
				CLANG_WARN__DUPLICATE_METHOD_MATCH = YES;
				CODE_SIGN_IDENTITY = "iPhone Developer";
				COPY_PHASE_STRIP = NO;
				DEBUG_INFORMATION_FORMAT = dwarf;
				ENABLE_STRICT_OBJC_MSGSEND = YES;
				ENABLE_TESTABILITY = YES;
				GCC_C_LANGUAGE_STANDARD = gnu11;
				GCC_DYNAMIC_NO_PIC = NO;
				GCC_NO_COMMON_BLOCKS = YES;
				GCC_OPTIMIZATION_LEVEL = 0;
				GCC_PREPROCESSOR_DEFINITIONS = (
					"DEBUG=1",
					"$(inherited)",
				);
				GCC_WARN_64_TO_32_BIT_CONVERSION = YES;
				GCC_WARN_ABOUT_RETURN_TYPE = YES_ERROR;
				GCC_WARN_UNDECLARED_SELECTOR = YES;
				GCC_WARN_UNINITIALIZED_AUTOS = YES_AGGRESSIVE;
				GCC_WARN_UNUSED_FUNCTION = YES;
				GCC_WARN_UNUSED_VARIABLE = YES;
				IPHONEOS_DEPLOYMENT_TARGET = 11.2;
				MTL_ENABLE_DEBUG_INFO = YES;
				ONLY_ACTIVE_ARCH = YES;
				SDKROOT = iphoneos;
				SWIFT_ACTIVE_COMPILATION_CONDITIONS = DEBUG;
				SWIFT_OPTIMIZATION_LEVEL = "-Onone";
			};
			name = Debug;
		};
		0F348DF8204AC8BA004BFEF4 /* Release */ = {
			isa = XCBuildConfiguration;
			buildSettings = {
				ALWAYS_SEARCH_USER_PATHS = NO;
				CLANG_ANALYZER_NONNULL = YES;
				CLANG_ANALYZER_NUMBER_OBJECT_CONVERSION = YES_AGGRESSIVE;
				CLANG_CXX_LANGUAGE_STANDARD = "gnu++14";
				CLANG_CXX_LIBRARY = "libc++";
				CLANG_ENABLE_MODULES = YES;
				CLANG_ENABLE_OBJC_ARC = YES;
				CLANG_WARN_BLOCK_CAPTURE_AUTORELEASING = YES;
				CLANG_WARN_BOOL_CONVERSION = YES;
				CLANG_WARN_COMMA = YES;
				CLANG_WARN_CONSTANT_CONVERSION = YES;
				CLANG_WARN_DEPRECATED_OBJC_IMPLEMENTATIONS = YES;
				CLANG_WARN_DIRECT_OBJC_ISA_USAGE = YES_ERROR;
				CLANG_WARN_DOCUMENTATION_COMMENTS = YES;
				CLANG_WARN_EMPTY_BODY = YES;
				CLANG_WARN_ENUM_CONVERSION = YES;
				CLANG_WARN_INFINITE_RECURSION = YES;
				CLANG_WARN_INT_CONVERSION = YES;
				CLANG_WARN_NON_LITERAL_NULL_CONVERSION = YES;
				CLANG_WARN_OBJC_IMPLICIT_RETAIN_SELF = YES;
				CLANG_WARN_OBJC_LITERAL_CONVERSION = YES;
				CLANG_WARN_OBJC_ROOT_CLASS = YES_ERROR;
				CLANG_WARN_RANGE_LOOP_ANALYSIS = YES;
				CLANG_WARN_STRICT_PROTOTYPES = YES;
				CLANG_WARN_SUSPICIOUS_MOVE = YES;
				CLANG_WARN_UNGUARDED_AVAILABILITY = YES_AGGRESSIVE;
				CLANG_WARN_UNREACHABLE_CODE = YES;
				CLANG_WARN__DUPLICATE_METHOD_MATCH = YES;
				CODE_SIGN_IDENTITY = "iPhone Developer";
				COPY_PHASE_STRIP = NO;
				DEBUG_INFORMATION_FORMAT = "dwarf-with-dsym";
				ENABLE_NS_ASSERTIONS = NO;
				ENABLE_STRICT_OBJC_MSGSEND = YES;
				GCC_C_LANGUAGE_STANDARD = gnu11;
				GCC_NO_COMMON_BLOCKS = YES;
				GCC_WARN_64_TO_32_BIT_CONVERSION = YES;
				GCC_WARN_ABOUT_RETURN_TYPE = YES_ERROR;
				GCC_WARN_UNDECLARED_SELECTOR = YES;
				GCC_WARN_UNINITIALIZED_AUTOS = YES_AGGRESSIVE;
				GCC_WARN_UNUSED_FUNCTION = YES;
				GCC_WARN_UNUSED_VARIABLE = YES;
				IPHONEOS_DEPLOYMENT_TARGET = 11.2;
				MTL_ENABLE_DEBUG_INFO = NO;
				SDKROOT = iphoneos;
				SWIFT_OPTIMIZATION_LEVEL = "-Owholemodule";
				VALIDATE_PRODUCT = YES;
			};
			name = Release;
		};
		0F348DFA204AC8BA004BFEF4 /* Debug */ = {
			isa = XCBuildConfiguration;
			baseConfigurationReference = 5E16996EA9C38ADC193188B3 /* Pods-SmartPhoneGuide.debug.xcconfig */;
			buildSettings = {
				ASSETCATALOG_COMPILER_APPICON_NAME = AppIcon;
				CODE_SIGN_STYLE = Automatic;
				DEVELOPMENT_TEAM = K3H9JPWPRP;
				INFOPLIST_FILE = SmartPhoneGuide/Info.plist;
				LD_RUNPATH_SEARCH_PATHS = "$(inherited) @executable_path/Frameworks";
				PRODUCT_BUNDLE_IDENTIFIER = yataome.SmartPhoneGuide;
				PRODUCT_NAME = "$(TARGET_NAME)";
				SWIFT_VERSION = 4.0;
				TARGETED_DEVICE_FAMILY = "1,2";
			};
			name = Debug;
		};
		0F348DFB204AC8BA004BFEF4 /* Release */ = {
			isa = XCBuildConfiguration;
			baseConfigurationReference = C4874A2E79E74156E05810CE /* Pods-SmartPhoneGuide.release.xcconfig */;
			buildSettings = {
				ASSETCATALOG_COMPILER_APPICON_NAME = AppIcon;
				CODE_SIGN_STYLE = Automatic;
				DEVELOPMENT_TEAM = K3H9JPWPRP;
				INFOPLIST_FILE = SmartPhoneGuide/Info.plist;
				LD_RUNPATH_SEARCH_PATHS = "$(inherited) @executable_path/Frameworks";
				PRODUCT_BUNDLE_IDENTIFIER = yataome.SmartPhoneGuide;
				PRODUCT_NAME = "$(TARGET_NAME)";
				SWIFT_VERSION = 4.0;
				TARGETED_DEVICE_FAMILY = "1,2";
			};
			name = Release;
		};
/* End XCBuildConfiguration section */

/* Begin XCConfigurationList section */
		0F348DE2204AC8BA004BFEF4 /* Build configuration list for PBXProject "SmartPhoneGuide" */ = {
			isa = XCConfigurationList;
			buildConfigurations = (
				0F348DF7204AC8BA004BFEF4 /* Debug */,
				0F348DF8204AC8BA004BFEF4 /* Release */,
			);
			defaultConfigurationIsVisible = 0;
			defaultConfigurationName = Release;
		};
		0F348DF9204AC8BA004BFEF4 /* Build configuration list for PBXNativeTarget "SmartPhoneGuide" */ = {
			isa = XCConfigurationList;
			buildConfigurations = (
				0F348DFA204AC8BA004BFEF4 /* Debug */,
				0F348DFB204AC8BA004BFEF4 /* Release */,
			);
			defaultConfigurationIsVisible = 0;
			defaultConfigurationName = Release;
		};
/* End XCConfigurationList section */
	};
	rootObject = 0F348DDF204AC8BA004BFEF4 /* Project object */;
}
